
Microsoft Visual Studio Solution File, Format Version 12.00
# Visual Studio Version 17
VisualStudioVersion = 17.1.32319.34
MinimumVisualStudioVersion = 10.0.40219.1
Project("{00D1A9C2-B5F0-4AF3-8072-F6C62B433612}") = "HRproject.DB", "HRproject.DB\HRproject.DB.sqlproj", "{BD17A763-8ACA-4ABD-B13E-F332F4E6290E}"
EndProject
Project("{FAE04EC0-301F-11D3-BF4B-00C04F79EFBC}") = "HRProject.BLL", "HRProject.BLL\HRProject.BLL.csproj", "{140AFF47-E3FD-43E3-9E60-6BF007A2003C}"
EndProject
Project("{FAE04EC0-301F-11D3-BF4B-00C04F79EFBC}") = "HRProject.DAL", "HRProject.DAL\HRProject.DAL.csproj", "{2E167C7A-C572-4F14-ABDD-E05E8835A5F4}"
EndProject
Project("{FAE04EC0-301F-11D3-BF4B-00C04F79EFBC}") = "HRProject.UI", "HRProject.UI\HRProject.UI.csproj", "{46E0E298-1C19-4FC7-9C1B-CA58D841C303}"
EndProject
Global
	GlobalSection(SolutionConfigurationPlatforms) = preSolution
		Debug|Any CPU = Debug|Any CPU
		Release|Any CPU = Release|Any CPU
	EndGlobalSection
	GlobalSection(ProjectConfigurationPlatforms) = postSolution
		{BD17A763-8ACA-4ABD-B13E-F332F4E6290E}.Debug|Any CPU.ActiveCfg = Debug|Any CPU
		{BD17A763-8ACA-4ABD-B13E-F332F4E6290E}.Debug|Any CPU.Build.0 = Debug|Any CPU
		{BD17A763-8ACA-4ABD-B13E-F332F4E6290E}.Debug|Any CPU.Deploy.0 = Debug|Any CPU
		{BD17A763-8ACA-4ABD-B13E-F332F4E6290E}.Release|Any CPU.ActiveCfg = Release|Any CPU
		{BD17A763-8ACA-4ABD-B13E-F332F4E6290E}.Release|Any CPU.Build.0 = Release|Any CPU
		{BD17A763-8ACA-4ABD-B13E-F332F4E6290E}.Release|Any CPU.Deploy.0 = Release|Any CPU
		{140AFF47-E3FD-43E3-9E60-6BF007A2003C}.Debug|Any CPU.ActiveCfg = Debug|Any CPU
		{140AFF47-E3FD-43E3-9E60-6BF007A2003C}.Debug|Any CPU.Build.0 = Debug|Any CPU
		{140AFF47-E3FD-43E3-9E60-6BF007A2003C}.Release|Any CPU.ActiveCfg = Release|Any CPU
		{140AFF47-E3FD-43E3-9E60-6BF007A2003C}.Release|Any CPU.Build.0 = Release|Any CPU
		{2E167C7A-C572-4F14-ABDD-E05E8835A5F4}.Debug|Any CPU.ActiveCfg = Debug|Any CPU
		{2E167C7A-C572-4F14-ABDD-E05E8835A5F4}.Debug|Any CPU.Build.0 = Debug|Any CPU
		{2E167C7A-C572-4F14-ABDD-E05E8835A5F4}.Release|Any CPU.ActiveCfg = Release|Any CPU
		{2E167C7A-C572-4F14-ABDD-E05E8835A5F4}.Release|Any CPU.Build.0 = Release|Any CPU
		{46E0E298-1C19-4FC7-9C1B-CA58D841C303}.Debug|Any CPU.ActiveCfg = Debug|Any CPU
		{46E0E298-1C19-4FC7-9C1B-CA58D841C303}.Debug|Any CPU.Build.0 = Debug|Any CPU
		{46E0E298-1C19-4FC7-9C1B-CA58D841C303}.Release|Any CPU.ActiveCfg = Release|Any CPU
		{46E0E298-1C19-4FC7-9C1B-CA58D841C303}.Release|Any CPU.Build.0 = Release|Any CPU
	EndGlobalSection
	GlobalSection(SolutionProperties) = preSolution
		HideSolutionNode = FALSE
	EndGlobalSection
	GlobalSection(ExtensibilityGlobals) = postSolution
		SolutionGuid = {90E15494-2EAC-4E41-9B16-86968F9E5051}
	EndGlobalSection
EndGlobal
